
Microsoft Visual Studio Solution File, Format Version 12.00
# Visual Studio Version 17
VisualStudioVersion = 17.7.34024.191
MinimumVisualStudioVersion = 10.0.40219.1
Project("{9A19103F-16F7-4668-BE54-9A1E7A4F7556}") = "NextValue", "NextValue\NextValue.csproj", "{37648451-C6E6-4A0B-B096-CB9F09EA3677}"
EndProject
Project("{9A19103F-16F7-4668-BE54-9A1E7A4F7556}") = "NextValueTests", "NextValueTests\NextValueTests.csproj", "{1BA43AF1-3A65-4BBF-B260-18DE55E8F984}"
EndProject
Project("{FAE04EC0-301F-11D3-BF4B-00C04F79EFBC}") = "NextValueExamples", "NextValueExamples\NextValueExamples.csproj", "{9F7EC262-72B9-451F-9643-BA23C441C326}"
EndProject
Global
	GlobalSection(SolutionConfigurationPlatforms) = preSolution
		Debug|Any CPU = Debug|Any CPU
		Release|Any CPU = Release|Any CPU
	EndGlobalSection
	GlobalSection(ProjectConfigurationPlatforms) = postSolution
		{37648451-C6E6-4A0B-B096-CB9F09EA3677}.Debug|Any CPU.ActiveCfg = Debug|Any CPU
		{37648451-C6E6-4A0B-B096-CB9F09EA3677}.Debug|Any CPU.Build.0 = Debug|Any CPU
		{37648451-C6E6-4A0B-B096-CB9F09EA3677}.Release|Any CPU.ActiveCfg = Release|Any CPU
		{37648451-C6E6-4A0B-B096-CB9F09EA3677}.Release|Any CPU.Build.0 = Release|Any CPU
		{1BA43AF1-3A65-4BBF-B260-18DE55E8F984}.Debug|Any CPU.ActiveCfg = Debug|Any CPU
		{1BA43AF1-3A65-4BBF-B260-18DE55E8F984}.Debug|Any CPU.Build.0 = Debug|Any CPU
		{1BA43AF1-3A65-4BBF-B260-18DE55E8F984}.Release|Any CPU.ActiveCfg = Release|Any CPU
		{1BA43AF1-3A65-4BBF-B260-18DE55E8F984}.Release|Any CPU.Build.0 = Release|Any CPU
		{9F7EC262-72B9-451F-9643-BA23C441C326}.Debug|Any CPU.ActiveCfg = Debug|Any CPU
		{9F7EC262-72B9-451F-9643-BA23C441C326}.Debug|Any CPU.Build.0 = Debug|Any CPU
		{9F7EC262-72B9-451F-9643-BA23C441C326}.Release|Any CPU.ActiveCfg = Release|Any CPU
		{9F7EC262-72B9-451F-9643-BA23C441C326}.Release|Any CPU.Build.0 = Release|Any CPU
	EndGlobalSection
	GlobalSection(SolutionProperties) = preSolution
		HideSolutionNode = FALSE
	EndGlobalSection
	GlobalSection(ExtensibilityGlobals) = postSolution
		SolutionGuid = {FFBF87AE-B43D-49B1-A6BE-6597E43DD52D}
	EndGlobalSection
EndGlobal
